{
  "name": "Module2_FrontendDevelopment",
  "lockfileVersion": 3,
  "requires": true,
  "packages": {
    "": {
      "devDependencies": {
        "@rolldown/binding-win32-x64-msvc": "^0.15.1"
      }
    },
    "node_modules/@rolldown/binding-win32-x64-msvc": {
      "version": "0.15.1",
      "resolved": "https://registry.npmjs.org/@rolldown/binding-win32-x64-msvc/-/binding-win32-x64-msvc-0.15.1.tgz",
      "integrity": "sha512-8h55cfyhl2WVXZz+FRFhcBAS7cZUZscZ9Uu5lTq+21+wC7LShiBTe8slbACZDNShSW1vskx/bvOQ4PienU1ovA==",
      "cpu": [
        "x64"
      ],
      "dev": true,
      "license": "MIT",
      "os": [
        "win32"
      ]
    }
  }
}
